
Microsoft Visual Studio Solution File, Format Version 12.00
# Visual Studio Version 16
VisualStudioVersion = 16.0.31005.135
MinimumVisualStudioVersion = 10.0.40219.1
Project("{FAE04EC0-301F-11D3-BF4B-00C04F79EFBC}") = "Module1Assignment2.1", "Module1Assignment2.1\Module1Assignment2.1.csproj", "{57331F8C-C205-4946-B154-58AB27735AA3}"
EndProject
Global
	GlobalSection(SolutionConfigurationPlatforms) = preSolution
		Debug|Any CPU = Debug|Any CPU
		Release|Any CPU = Release|Any CPU
	EndGlobalSection
	GlobalSection(ProjectConfigurationPlatforms) = postSolution
		{57331F8C-C205-4946-B154-58AB27735AA3}.Debug|Any CPU.ActiveCfg = Debug|Any CPU
		{57331F8C-C205-4946-B154-58AB27735AA3}.Debug|Any CPU.Build.0 = Debug|Any CPU
		{57331F8C-C205-4946-B154-58AB27735AA3}.Release|Any CPU.ActiveCfg = Release|Any CPU
		{57331F8C-C205-4946-B154-58AB27735AA3}.Release|Any CPU.Build.0 = Release|Any CPU
	EndGlobalSection
	GlobalSection(SolutionProperties) = preSolution
		HideSolutionNode = FALSE
	EndGlobalSection
	GlobalSection(ExtensibilityGlobals) = postSolution
		SolutionGuid = {513C3F9E-D0FF-40AF-986E-B60E3B6F4065}
	EndGlobalSection
EndGlobal
